// !$*UTF8*$!
{
	archiveVersion = 1;
	classes = {
	};
	objectVersion = 50;
	objects = {

/* Begin PBXBuildFile section */
		230F449221908A5200724F60 /* CategoryVC.swift in Sources */ = {isa = PBXBuildFile; fileRef = 230F449121908A5200724F60 /* CategoryVC.swift */; };
		2383FF5121888666009C92A1 /* AppDelegate.swift in Sources */ = {isa = PBXBuildFile; fileRef = 2383FF5021888666009C92A1 /* AppDelegate.swift */; };
		2383FF5321888666009C92A1 /* ToDoListVC.swift in Sources */ = {isa = PBXBuildFile; fileRef = 2383FF5221888666009C92A1 /* ToDoListVC.swift */; };
		2383FF5621888666009C92A1 /* Main.storyboard in Resources */ = {isa = PBXBuildFile; fileRef = 2383FF5421888666009C92A1 /* Main.storyboard */; };
		2383FF5821888667009C92A1 /* Assets.xcassets in Resources */ = {isa = PBXBuildFile; fileRef = 2383FF5721888667009C92A1 /* Assets.xcassets */; };
		2383FF5B21888667009C92A1 /* LaunchScreen.storyboard in Resources */ = {isa = PBXBuildFile; fileRef = 2383FF5921888667009C92A1 /* LaunchScreen.storyboard */; };
		23C022FD2192396F0009FE82 /* Item.swift in Sources */ = {isa = PBXBuildFile; fileRef = 23C022FC2192396F0009FE82 /* Item.swift */; };
		23C022FF219239CD0009FE82 /* Category.swift in Sources */ = {isa = PBXBuildFile; fileRef = 23C022FE219239CD0009FE82 /* Category.swift */; };
		26D0414C5982998062F0F1EE /* Pods_ToDo.framework in Frameworks */ = {isa = PBXBuildFile; fileRef = 6D5F45F693A2E41D32C6AB25 /* Pods_ToDo.framework */; };
/* End PBXBuildFile section */

/* Begin PBXFileReference section */
		230F449121908A5200724F60 /* CategoryVC.swift */ = {isa = PBXFileReference; lastKnownFileType = sourcecode.swift; path = CategoryVC.swift; sourceTree = "<group>"; };
		2383FF4D21888666009C92A1 /* ToDo.app */ = {isa = PBXFileReference; explicitFileType = wrapper.application; includeInIndex = 0; path = ToDo.app; sourceTree = BUILT_PRODUCTS_DIR; };
		2383FF5021888666009C92A1 /* AppDelegate.swift */ = {isa = PBXFileReference; lastKnownFileType = sourcecode.swift; path = AppDelegate.swift; sourceTree = "<group>"; };
		2383FF5221888666009C92A1 /* ToDoListVC.swift */ = {isa = PBXFileReference; lastKnownFileType = sourcecode.swift; path = ToDoListVC.swift; sourceTree = "<group>"; };
		2383FF5521888666009C92A1 /* Base */ = {isa = PBXFileReference; lastKnownFileType = file.storyboard; name = Base; path = Base.lproj/Main.storyboard; sourceTree = "<group>"; };
		2383FF5721888667009C92A1 /* Assets.xcassets */ = {isa = PBXFileReference; lastKnownFileType = folder.assetcatalog; path = Assets.xcassets; sourceTree = "<group>"; };
		2383FF5A21888667009C92A1 /* Base */ = {isa = PBXFileReference; lastKnownFileType = file.storyboard; name = Base; path = Base.lproj/LaunchScreen.storyboard; sourceTree = "<group>"; };
		2383FF5C21888667009C92A1 /* Info.plist */ = {isa = PBXFileReference; lastKnownFileType = text.plist.xml; path = Info.plist; sourceTree = "<group>"; };
		23C022FC2192396F0009FE82 /* Item.swift */ = {isa = PBXFileReference; lastKnownFileType = sourcecode.swift; path = Item.swift; sourceTree = "<group>"; };
		23C022FE219239CD0009FE82 /* Category.swift */ = {isa = PBXFileReference; lastKnownFileType = sourcecode.swift; path = Category.swift; sourceTree = "<group>"; };
		6D5F45F693A2E41D32C6AB25 /* Pods_ToDo.framework */ = {isa = PBXFileReference; explicitFileType = wrapper.framework; includeInIndex = 0; path = Pods_ToDo.framework; sourceTree = BUILT_PRODUCTS_DIR; };
		88133343247FB0E8A02306B0 /* Pods-ToDo.release.xcconfig */ = {isa = PBXFileReference; includeInIndex = 1; lastKnownFileType = text.xcconfig; name = "Pods-ToDo.release.xcconfig"; path = "Pods/Target Support Files/Pods-ToDo/Pods-ToDo.release.xcconfig"; sourceTree = "<group>"; };
		D7FD630BC29C8F0589F31459 /* Pods-ToDo.debug.xcconfig */ = {isa = PBXFileReference; includeInIndex = 1; lastKnownFileType = text.xcconfig; name = "Pods-ToDo.debug.xcconfig"; path = "Pods/Target Support Files/Pods-ToDo/Pods-ToDo.debug.xcconfig"; sourceTree = "<group>"; };
/* End PBXFileReference section */

/* Begin PBXFrameworksBuildPhase section */
		2383FF4A21888666009C92A1 /* Frameworks */ = {
			isa = PBXFrameworksBuildPhase;
			buildActionMask = 2147483647;
			files = (
				26D0414C5982998062F0F1EE /* Pods_ToDo.framework in Frameworks */,
			);
			runOnlyForDeploymentPostprocessing = 0;
		};
/* End PBXFrameworksBuildPhase section */

/* Begin PBXGroup section */
		2383FF4421888666009C92A1 = {
			isa = PBXGroup;
			children = (
				2383FF4F21888666009C92A1 /* ToDo */,
				2383FF5C21888667009C92A1 /* Info.plist */,
				2383FF4E21888666009C92A1 /* Products */,
				D27AC6D14981B9F386FA0E51 /* Pods */,
				36D2ABAAB9BD77E2EE35BF04 /* Frameworks */,
			);
			sourceTree = "<group>";
		};
		2383FF4E21888666009C92A1 /* Products */ = {
			isa = PBXGroup;
			children = (
				2383FF4D21888666009C92A1 /* ToDo.app */,
			);
			name = Products;
			sourceTree = "<group>";
		};
		2383FF4F21888666009C92A1 /* ToDo */ = {
			isa = PBXGroup;
			children = (
				2383FF5021888666009C92A1 /* AppDelegate.swift */,
				23BEA2E42189ED11001731B0 /* Model */,
				23BEA2E82189EDE4001731B0 /* View */,
				23BEA2E72189EDD7001731B0 /* Controllers */,
				23BEA2E92189EDF4001731B0 /* Supporting Files */,
			);
			path = ToDo;
			sourceTree = "<group>";
		};
		23BEA2E42189ED11001731B0 /* Model */ = {
			isa = PBXGroup;
			children = (
				23C022FC2192396F0009FE82 /* Item.swift */,
				23C022FE219239CD0009FE82 /* Category.swift */,
			);
			path = Model;
			sourceTree = "<group>";
		};
		23BEA2E72189EDD7001731B0 /* Controllers */ = {
			isa = PBXGroup;
			children = (
				2383FF5221888666009C92A1 /* ToDoListVC.swift */,
				230F449121908A5200724F60 /* CategoryVC.swift */,
			);
			path = Controllers;
			sourceTree = "<group>";
		};
		23BEA2E82189EDE4001731B0 /* View */ = {
			isa = PBXGroup;
			children = (
				2383FF5421888666009C92A1 /* Main.storyboard */,
			);
			path = View;
			sourceTree = "<group>";
		};
		23BEA2E92189EDF4001731B0 /* Supporting Files */ = {
			isa = PBXGroup;
			children = (
				2383FF5721888667009C92A1 /* Assets.xcassets */,
				2383FF5921888667009C92A1 /* LaunchScreen.storyboard */,
			);
			path = "Supporting Files";
			sourceTree = "<group>";
		};
		36D2ABAAB9BD77E2EE35BF04 /* Frameworks */ = {
			isa = PBXGroup;
			children = (
				6D5F45F693A2E41D32C6AB25 /* Pods_ToDo.framework */,
			);
			name = Frameworks;
			sourceTree = "<group>";
		};
		D27AC6D14981B9F386FA0E51 /* Pods */ = {
			isa = PBXGroup;
			children = (
				D7FD630BC29C8F0589F31459 /* Pods-ToDo.debug.xcconfig */,
				88133343247FB0E8A02306B0 /* Pods-ToDo.release.xcconfig */,
			);
			name = Pods;
			sourceTree = "<group>";
		};
/* End PBXGroup section */

/* Begin PBXNativeTarget section */
		2383FF4C21888666009C92A1 /* ToDo */ = {
			isa = PBXNativeTarget;
			buildConfigurationList = 2383FF5F21888667009C92A1 /* Build configuration list for PBXNativeTarget "ToDo" */;
			buildPhases = (
				8EB0F56FEFF5FFCF4F8D5922 /* [CP] Check Pods Manifest.lock */,
				2383FF4921888666009C92A1 /* Sources */,
				2383FF4A21888666009C92A1 /* Frameworks */,
				2383FF4B21888666009C92A1 /* Resources */,
				21E65E779B76444FD8110134 /* [CP] Embed Pods Frameworks */,
			);
			buildRules = (
			);
			dependencies = (
			);
			name = ToDo;
			productName = ToDo;
			productReference = 2383FF4D21888666009C92A1 /* ToDo.app */;
			productType = "com.apple.product-type.application";
		};
/* End PBXNativeTarget section */

/* Begin PBXProject section */
		2383FF4521888666009C92A1 /* Project object */ = {
			isa = PBXProject;
			attributes = {
				LastSwiftUpdateCheck = 1000;
				LastUpgradeCheck = 1000;
				ORGANIZATIONNAME = "Milan Bojic";
				TargetAttributes = {
					2383FF4C21888666009C92A1 = {
						CreatedOnToolsVersion = 10.0;
					};
				};
			};
			buildConfigurationList = 2383FF4821888666009C92A1 /* Build configuration list for PBXProject "ToDo" */;
			compatibilityVersion = "Xcode 9.3";
			developmentRegion = en;
			hasScannedForEncodings = 0;
			knownRegions = (
				en,
				Base,
			);
			mainGroup = 2383FF4421888666009C92A1;
			productRefGroup = 2383FF4E21888666009C92A1 /* Products */;
			projectDirPath = "";
			projectRoot = "";
			targets = (
				2383FF4C21888666009C92A1 /* ToDo */,
			);
		};
/* End PBXProject section */

/* Begin PBXResourcesBuildPhase section */
		2383FF4B21888666009C92A1 /* Resources */ = {
			isa = PBXResourcesBuildPhase;
			buildActionMask = 2147483647;
			files = (
				2383FF5B21888667009C92A1 /* LaunchScreen.storyboard in Resources */,
				2383FF5821888667009C92A1 /* Assets.xcassets in Resources */,
				2383FF5621888666009C92A1 /* Main.storyboard in Resources */,
			);
			runOnlyForDeploymentPostprocessing = 0;
		};
/* End PBXResourcesBuildPhase section */

/* Begin PBXShellScriptBuildPhase section */
		21E65E779B76444FD8110134 /* [CP] Embed Pods Frameworks */ = {
			isa = PBXShellScriptBuildPhase;
			buildActionMask = 2147483647;
			files = (
			);
			inputPaths = (
				"${SRCROOT}/Pods/Target Support Files/Pods-ToDo/Pods-ToDo-frameworks.sh",
				"${BUILT_PRODUCTS_DIR}/Realm/Realm.framework",
				"${BUILT_PRODUCTS_DIR}/RealmSwift/RealmSwift.framework",
				"${BUILT_PRODUCTS_DIR}/SwipeCellKit/SwipeCellKit.framework",
			);
			name = "[CP] Embed Pods Frameworks";
			outputPaths = (
				"${TARGET_BUILD_DIR}/${FRAMEWORKS_FOLDER_PATH}/Realm.framework",
				"${TARGET_BUILD_DIR}/${FRAMEWORKS_FOLDER_PATH}/RealmSwift.framework",
				"${TARGET_BUILD_DIR}/${FRAMEWORKS_FOLDER_PATH}/SwipeCellKit.framework",
			);
			runOnlyForDeploymentPostprocessing = 0;
			shellPath = /bin/sh;
			shellScript = "\"${SRCROOT}/Pods/Target Support Files/Pods-ToDo/Pods-ToDo-frameworks.sh\"\n";
			showEnvVarsInLog = 0;
		};
		8EB0F56FEFF5FFCF4F8D5922 /* [CP] Check Pods Manifest.lock */ = {
			isa = PBXShellScriptBuildPhase;
			buildActionMask = 2147483647;
			files = (
			);
			inputPaths = (
				"${PODS_PODFILE_DIR_PATH}/Podfile.lock",
				"${PODS_ROOT}/Manifest.lock",
			);
			name = "[CP] Check Pods Manifest.lock";
			outputPaths = (
				"$(DERIVED_FILE_DIR)/Pods-ToDo-checkManifestLockResult.txt",
			);
			runOnlyForDeploymentPostprocessing = 0;
			shellPath = /bin/sh;
			shellScript = "diff \"${PODS_PODFILE_DIR_PATH}/Podfile.lock\" \"${PODS_ROOT}/Manifest.lock\" > /dev/null\nif [ $? != 0 ] ; then\n    # print error to STDERR\n    echo \"error: The sandbox is not in sync with the Podfile.lock. Run 'pod install' or update your CocoaPods installation.\" >&2\n    exit 1\nfi\n# This output is used by Xcode 'outputs' to avoid re-running this script phase.\necho \"SUCCESS\" > \"${SCRIPT_OUTPUT_FILE_0}\"\n";
			showEnvVarsInLog = 0;
		};
/* End PBXShellScriptBuildPhase section */

/* Begin PBXSourcesBuildPhase section */
		2383FF4921888666009C92A1 /* Sources */ = {
			isa = PBXSourcesBuildPhase;
			buildActionMask = 2147483647;
			files = (
				23C022FD2192396F0009FE82 /* Item.swift in Sources */,
				23C022FF219239CD0009FE82 /* Category.swift in Sources */,
				2383FF5321888666009C92A1 /* ToDoListVC.swift in Sources */,
				230F449221908A5200724F60 /* CategoryVC.swift in Sources */,
				2383FF5121888666009C92A1 /* AppDelegate.swift in Sources */,
			);
			runOnlyForDeploymentPostprocessing = 0;
		};
/* End PBXSourcesBuildPhase section */

/* Begin PBXVariantGroup section */
		2383FF5421888666009C92A1 /* Main.storyboard */ = {
			isa = PBXVariantGroup;
			children = (
				2383FF5521888666009C92A1 /* Base */,
			);
			name = Main.storyboard;
			sourceTree = "<group>";
		};
		2383FF5921888667009C92A1 /* LaunchScreen.storyboard */ = {
			isa = PBXVariantGroup;
			children = (
				2383FF5A21888667009C92A1 /* Base */,
			);
			name = LaunchScreen.storyboard;
			sourceTree = "<group>";
		};
/* End PBXVariantGroup section */

/* Begin XCBuildConfiguration section */
		2383FF5D21888667009C92A1 /* Debug */ = {
			isa = XCBuildConfiguration;
			buildSettings = {
				ALWAYS_SEARCH_USER_PATHS = NO;
				CLANG_ANALYZER_NONNULL = YES;
				CLANG_ANALYZER_NUMBER_OBJECT_CONVERSION = YES_AGGRESSIVE;
				CLANG_CXX_LANGUAGE_STANDARD = "gnu++14";
				CLANG_CXX_LIBRARY = "libc++";
				CLANG_ENABLE_MODULES = YES;
				CLANG_ENABLE_OBJC_ARC = YES;
				CLANG_ENABLE_OBJC_WEAK = YES;
				CLANG_WARN_BLOCK_CAPTURE_AUTORELEASING = YES;
				CLANG_WARN_BOOL_CONVERSION = YES;
				CLANG_WARN_COMMA = YES;
				CLANG_WARN_CONSTANT_CONVERSION = YES;
				CLANG_WARN_DEPRECATED_OBJC_IMPLEMENTATIONS = YES;
				CLANG_WARN_DIRECT_OBJC_ISA_USAGE = YES_ERROR;
				CLANG_WARN_DOCUMENTATION_COMMENTS = YES;
				CLANG_WARN_EMPTY_BODY = YES;
				CLANG_WARN_ENUM_CONVERSION = YES;
				CLANG_WARN_INFINITE_RECURSION = YES;
				CLANG_WARN_INT_CONVERSION = YES;
				CLANG_WARN_NON_LITERAL_NULL_CONVERSION = YES;
				CLANG_WARN_OBJC_IMPLICIT_RETAIN_SELF = YES;
				CLANG_WARN_OBJC_LITERAL_CONVERSION = YES;
				CLANG_WARN_OBJC_ROOT_CLASS = YES_ERROR;
				CLANG_WARN_RANGE_LOOP_ANALYSIS = YES;
				CLANG_WARN_STRICT_PROTOTYPES = YES;
				CLANG_WARN_SUSPICIOUS_MOVE = YES;
				CLANG_WARN_UNGUARDED_AVAILABILITY = YES_AGGRESSIVE;
				CLANG_WARN_UNREACHABLE_CODE = YES;
				CLANG_WARN__DUPLICATE_METHOD_MATCH = YES;
				CODE_SIGN_IDENTITY = "iPhone Developer";
				COPY_PHASE_STRIP = NO;
				DEBUG_INFORMATION_FORMAT = dwarf;
				ENABLE_STRICT_OBJC_MSGSEND = YES;
				ENABLE_TESTABILITY = YES;
				GCC_C_LANGUAGE_STANDARD = gnu11;
				GCC_DYNAMIC_NO_PIC = NO;
				GCC_NO_COMMON_BLOCKS = YES;
				GCC_OPTIMIZATION_LEVEL = 0;
				GCC_PREPROCESSOR_DEFINITIONS = (
					"DEBUG=1",
					"$(inherited)",
				);
				GCC_WARN_64_TO_32_BIT_CONVERSION = YES;
				GCC_WARN_ABOUT_RETURN_TYPE = YES_ERROR;
				GCC_WARN_UNDECLARED_SELECTOR = YES;
				GCC_WARN_UNINITIALIZED_AUTOS = YES_AGGRESSIVE;
				GCC_WARN_UNUSED_FUNCTION = YES;
				GCC_WARN_UNUSED_VARIABLE = YES;
				IPHONEOS_DEPLOYMENT_TARGET = 12.0;
				MTL_ENABLE_DEBUG_INFO = INCLUDE_SOURCE;
				MTL_FAST_MATH = YES;
				ONLY_ACTIVE_ARCH = YES;
				SDKROOT = iphoneos;
				SWIFT_ACTIVE_COMPILATION_CONDITIONS = DEBUG;
				SWIFT_OPTIMIZATION_LEVEL = "-Onone";
			};
			name = Debug;
		};
		2383FF5E21888667009C92A1 /* Release */ = {
			isa = XCBuildConfiguration;
			buildSettings = {
				ALWAYS_SEARCH_USER_PATHS = NO;
				CLANG_ANALYZER_NONNULL = YES;
				CLANG_ANALYZER_NUMBER_OBJECT_CONVERSION = YES_AGGRESSIVE;
				CLANG_CXX_LANGUAGE_STANDARD = "gnu++14";
				CLANG_CXX_LIBRARY = "libc++";
				CLANG_ENABLE_MODULES = YES;
				CLANG_ENABLE_OBJC_ARC = YES;
				CLANG_ENABLE_OBJC_WEAK = YES;
				CLANG_WARN_BLOCK_CAPTURE_AUTORELEASING = YES;
				CLANG_WARN_BOOL_CONVERSION = YES;
				CLANG_WARN_COMMA = YES;
				CLANG_WARN_CONSTANT_CONVERSION = YES;
				CLANG_WARN_DEPRECATED_OBJC_IMPLEMENTATIONS = YES;
				CLANG_WARN_DIRECT_OBJC_ISA_USAGE = YES_ERROR;
				CLANG_WARN_DOCUMENTATION_COMMENTS = YES;
				CLANG_WARN_EMPTY_BODY = YES;
				CLANG_WARN_ENUM_CONVERSION = YES;
				CLANG_WARN_INFINITE_RECURSION = YES;
				CLANG_WARN_INT_CONVERSION = YES;
				CLANG_WARN_NON_LITERAL_NULL_CONVERSION = YES;
				CLANG_WARN_OBJC_IMPLICIT_RETAIN_SELF = YES;
				CLANG_WARN_OBJC_LITERAL_CONVERSION = YES;
				CLANG_WARN_OBJC_ROOT_CLASS = YES_ERROR;
				CLANG_WARN_RANGE_LOOP_ANALYSIS = YES;
				CLANG_WARN_STRICT_PROTOTYPES = YES;
				CLANG_WARN_SUSPICIOUS_MOVE = YES;
				CLANG_WARN_UNGUARDED_AVAILABILITY = YES_AGGRESSIVE;
				CLANG_WARN_UNREACHABLE_CODE = YES;
				CLANG_WARN__DUPLICATE_METHOD_MATCH = YES;
				CODE_SIGN_IDENTITY = "iPhone Developer";
				COPY_PHASE_STRIP = NO;
				DEBUG_INFORMATION_FORMAT = "dwarf-with-dsym";
				ENABLE_NS_ASSERTIONS = NO;
				ENABLE_STRICT_OBJC_MSGSEND = YES;
				GCC_C_LANGUAGE_STANDARD = gnu11;
				GCC_NO_COMMON_BLOCKS = YES;
				GCC_WARN_64_TO_32_BIT_CONVERSION = YES;
				GCC_WARN_ABOUT_RETURN_TYPE = YES_ERROR;
				GCC_WARN_UNDECLARED_SELECTOR = YES;
				GCC_WARN_UNINITIALIZED_AUTOS = YES_AGGRESSIVE;
				GCC_WARN_UNUSED_FUNCTION = YES;
				GCC_WARN_UNUSED_VARIABLE = YES;
				IPHONEOS_DEPLOYMENT_TARGET = 12.0;
				MTL_ENABLE_DEBUG_INFO = NO;
				MTL_FAST_MATH = YES;
				SDKROOT = iphoneos;
				SWIFT_COMPILATION_MODE = wholemodule;
				SWIFT_OPTIMIZATION_LEVEL = "-O";
				VALIDATE_PRODUCT = YES;
			};
			name = Release;
		};
		2383FF6021888667009C92A1 /* Debug */ = {
			isa = XCBuildConfiguration;
			baseConfigurationReference = D7FD630BC29C8F0589F31459 /* Pods-ToDo.debug.xcconfig */;
			buildSettings = {
				ASSETCATALOG_COMPILER_APPICON_NAME = AppIcon;
				CODE_SIGN_STYLE = Automatic;
				DEVELOPMENT_TEAM = 4L5JV92JPX;
				INFOPLIST_FILE = "$(SRCROOT)/Info.plist";
				LD_RUNPATH_SEARCH_PATHS = (
					"$(inherited)",
					"@executable_path/Frameworks",
				);
				PRODUCT_BUNDLE_IDENTIFIER = com.miledev.ToDo;
				PRODUCT_NAME = "$(TARGET_NAME)";
				SWIFT_VERSION = 4.2;
				TARGETED_DEVICE_FAMILY = "1,2";
			};
			name = Debug;
		};
		2383FF6121888667009C92A1 /* Release */ = {
			isa = XCBuildConfiguration;
			baseConfigurationReference = 88133343247FB0E8A02306B0 /* Pods-ToDo.release.xcconfig */;
			buildSettings = {
				ASSETCATALOG_COMPILER_APPICON_NAME = AppIcon;
				CODE_SIGN_STYLE = Automatic;
				DEVELOPMENT_TEAM = 4L5JV92JPX;
				INFOPLIST_FILE = "$(SRCROOT)/Info.plist";
				LD_RUNPATH_SEARCH_PATHS = (
					"$(inherited)",
					"@executable_path/Frameworks",
				);
				PRODUCT_BUNDLE_IDENTIFIER = com.miledev.ToDo;
				PRODUCT_NAME = "$(TARGET_NAME)";
				SWIFT_VERSION = 4.2;
				TARGETED_DEVICE_FAMILY = "1,2";
			};
			name = Release;
		};
/* End XCBuildConfiguration section */

/* Begin XCConfigurationList section */
		2383FF4821888666009C92A1 /* Build configuration list for PBXProject "ToDo" */ = {
			isa = XCConfigurationList;
			buildConfigurations = (
				2383FF5D21888667009C92A1 /* Debug */,
				2383FF5E21888667009C92A1 /* Release */,
			);
			defaultConfigurationIsVisible = 0;
			defaultConfigurationName = Release;
		};
		2383FF5F21888667009C92A1 /* Build configuration list for PBXNativeTarget "ToDo" */ = {
			isa = XCConfigurationList;
			buildConfigurations = (
				2383FF6021888667009C92A1 /* Debug */,
				2383FF6121888667009C92A1 /* Release */,
			);
			defaultConfigurationIsVisible = 0;
			defaultConfigurationName = Release;
		};
/* End XCConfigurationList section */
	};
	rootObject = 2383FF4521888666009C92A1 /* Project object */;
}
